
Microsoft Visual Studio Solution File, Format Version 12.00
# Visual Studio Version 16
VisualStudioVersion = 16.0.31605.320
MinimumVisualStudioVersion = 10.0.40219.1
Project("{8BC9CEB8-8B4A-11D0-8D11-00A0C91BC942}") = "GitLearn", "GitLearn\GitLearn.vcxproj", "{A08B6340-BAC0-45D9-BB79-E44FDF38AD1C}"
EndProject
Global
	GlobalSection(SolutionConfigurationPlatforms) = preSolution
		Debug|x64 = Debug|x64
		Debug|x86 = Debug|x86
		Release|x64 = Release|x64
		Release|x86 = Release|x86
	EndGlobalSection
	GlobalSection(ProjectConfigurationPlatforms) = postSolution
		{A08B6340-BAC0-45D9-BB79-E44FDF38AD1C}.Debug|x64.ActiveCfg = Debug|x64
		{A08B6340-BAC0-45D9-BB79-E44FDF38AD1C}.Debug|x64.Build.0 = Debug|x64
		{A08B6340-BAC0-45D9-BB79-E44FDF38AD1C}.Debug|x86.ActiveCfg = Debug|Win32
		{A08B6340-BAC0-45D9-BB79-E44FDF38AD1C}.Debug|x86.Build.0 = Debug|Win32
		{A08B6340-BAC0-45D9-BB79-E44FDF38AD1C}.Release|x64.ActiveCfg = Release|x64
		{A08B6340-BAC0-45D9-BB79-E44FDF38AD1C}.Release|x64.Build.0 = Release|x64
		{A08B6340-BAC0-45D9-BB79-E44FDF38AD1C}.Release|x86.ActiveCfg = Release|Win32
		{A08B6340-BAC0-45D9-BB79-E44FDF38AD1C}.Release|x86.Build.0 = Release|Win32
	EndGlobalSection
	GlobalSection(SolutionProperties) = preSolution
		HideSolutionNode = FALSE
	EndGlobalSection
	GlobalSection(ExtensibilityGlobals) = postSolution
		SolutionGuid = {1B69CEDB-8B43-460B-B7BB-E60F767E733B}
	EndGlobalSection
EndGlobal
